#!r6rs ; -*- mode: scheme; coding: utf-8 -*-
(import (akku format lockfile))
(projects
 ((name "chez-srfi")
  (location (git "https://github.com/akeep/chez-srfi.git"))
  (revision "4ec2cf3587140e19e8392cc77662c17c1fb1f9e0"))
 ((name "hashing")
  (location (git "https://github.com/weinholt/hashing.git"))
  (tag "v1.0.0")
  (revision "de6aa096166bb026eb927b56f763707180ec0330"))
 ((name "ip-address")
  (location (git "https://github.com/weinholt/ip-address.git"))
  (tag "v1.0.0")
  (revision "7574dcab570a444a0b925a22d8fc11b485482ae1"))
 ((name "struct-pack")
  (location (git "https://github.com/weinholt/struct-pack.git"))
  (tag "v1.0.0")
  (revision "eec155b069d03c12be62444754514a8fff34d4ea"))
 ((name "xitomatl")
  (location (git "https://github.com/weinholt/xitomatl.git"))
  (revision "b9babf030c13d9fc81fe1482aa49ff0b8fa0fee6"))
 ((name "industria")
  (location (git "https://github.com/weinholt/industria.git"))
  (revision "81262c3d13c273409b3df2c87f7e4d58e139ec21")))
