#!r6rs ; -*- mode: scheme; coding: utf-8 -*-
(import (akku format lockfile))
(projects
 ((name "chez-srfi")
  (location (git "https://github.com/weinholt/chez-srfi.git"))
  (revision "d9f59a154ca10fd49b9ff338172e44049057c341"))
 ((name "hashing")
  (location (git "https://github.com/weinholt/hashing.git"))
  (tag "v1.0.0")
  (revision "de6aa096166bb026eb927b56f763707180ec0330"))
 ((name "ip-address")
  (location (git "https://github.com/weinholt/ip-address.git"))
  (tag "v1.0.0")
  (revision "7574dcab570a444a0b925a22d8fc11b485482ae1"))
 ((name "struct-pack")
  (location (git "https://github.com/weinholt/struct-pack.git"))
  (tag "v1.0.0")
  (revision "eec155b069d03c12be62444754514a8fff34d4ea"))
 ((name "xitomatl")
  (location (git "https://github.com/weinholt/xitomatl.git"))
  (revision "b9babf030c13d9fc81fe1482aa49ff0b8fa0fee6"))
 ((name "industria")
  (location (git "https://github.com/weinholt/industria.git"))
  (revision "81262c3d13c273409b3df2c87f7e4d58e139ec21"))
 ((name "spells")
  (location (git "https://github.com/weinholt/spells.git"))
  (revision "df72dcf553e8ea72958974b6a78aa8db74413d8c"))
 ((name "wak-common")
  ;; FIXME: for some reason he wrote .chez.sls
  (location (git "https://gitlab.com/johannes.hidding/wak-common.git"))
  (revision "452d459f9a7c8bdb0920b072ee2d0fac7f1e382f"))
 ((name "wak-fmt")
  (location (git "https://gitlab.com/wak/wak-fmt.git"))
  (revision "d5b2a5aec60daf66b347d345498584628cd043cd"))
 ((name "wak-foof-loop")
  (location (git "https://gitlab.com/wak/wak-foof-loop.git"))
  (revision "57f2cafe2bd1554a94bab448ad9713aa6dce6a9a"))
 ((name "wak-riastreams")
  (location (git "https://gitlab.com/wak/wak-riastreams.git"))
  (revision "b44464595c745a78c016c5360252440cbae00f46"))
 ((name "wak-wt-tree")
  (location (git "https://gitlab.com/wak/wak-wt-tree.git"))
  (revision "2a2c9335b7e75563e6e037236daffe23da36bb1b"))
 ((name "wak-syn-param")
  (location (git "https://gitlab.com/wak/wak-syn-param.git"))
  (revision "8ca3272796e62fda209ca0395439e02edfd5087d"))

 )
