#!r6rs ; -*- mode: scheme; coding: utf-8 -*-
;; This file is automatically generated - do not change it by hand.
(import (akku format lockfile))
(projects
  ((name "chez-srfi")
    (location (git "https://github.com/weinholt/chez-srfi.git"))
    (revision "fc892dada9f2dc707e984901829a889a526edf80"))
  ((name "hashing")
    (location (git "https://github.com/weinholt/hashing.git"))
    (tag "v1.0.0")
    (revision "de6aa096166bb026eb927b56f763707180ec0330"))
  ((name "ip-address")
    (location
      (git "https://github.com/weinholt/ip-address.git"))
    (tag "v1.0.0")
    (revision "7574dcab570a444a0b925a22d8fc11b485482ae1"))
  ((name "struct-pack")
    (location
      (git "https://github.com/weinholt/struct-pack.git"))
    (tag "v1.0.0")
    (revision "eec155b069d03c12be62444754514a8fff34d4ea"))
  ((name "xitomatl")
    (location (git "https://github.com/weinholt/xitomatl.git"))
    (revision "b9babf030c13d9fc81fe1482aa49ff0b8fa0fee6"))
  ((name "industria")
    (location (git "https://github.com/weinholt/industria.git"))
    (tag "v2.0.0")
    (revision "abd008257da3f26f690072c3fdb8fe23ff933d46"))
  ((name "packrat")
    (location (git "https://github.com/weinholt/packrat.git"))
    (revision "ced37d579d9e3d13c0b2e0b5237063d9dd89cf5c"))
  ((name "semver")
    (location (git "https://github.com/weinholt/semver.git"))
    (tag "v1.0.0")
    (revision "8d248c3cbf36f68208d9c9a0683c5c1d5c75a7ac"))
  ((name "spdx")
    (location (git "https://github.com/weinholt/spdx.git"))
    (tag "v1.0.0")
    (revision "7df9873ee079086a533d500de4358c0adb96f2ff"))
  ((name "spells")
    (location (git "https://github.com/weinholt/spells.git"))
    (revision "5549517e63df96cc2d7f4c35bb39b24a992288a0"))
  ((name "wak-common")
    (location
      (git "https://gitlab.com/weinholt/wak-common.git"))
    (revision "6d495fcaf7250f414614b1979d1ac07904496970"))
  ((name "wak-fmt")
    (location (git "https://gitlab.com/wak/wak-fmt.git"))
    (revision "d5b2a5aec60daf66b347d345498584628cd043cd"))
  ((name "wak-foof-loop")
    (location (git "https://gitlab.com/wak/wak-foof-loop.git"))
    (revision "57f2cafe2bd1554a94bab448ad9713aa6dce6a9a"))
  ((name "wak-riastreams")
    (location (git "https://gitlab.com/wak/wak-riastreams.git"))
    (revision "b44464595c745a78c016c5360252440cbae00f46"))
  ((name "wak-wt-tree")
    (location (git "https://gitlab.com/wak/wak-wt-tree.git"))
    (revision "2a2c9335b7e75563e6e037236daffe23da36bb1b"))
  ((name "wak-syn-param")
    (location (git "https://gitlab.com/wak/wak-syn-param.git"))
    (revision "8ca3272796e62fda209ca0395439e02edfd5087d"))
  ((name "wak-irregex")
    (location (git "https://gitlab.com/wak/wak-irregex.git"))
    (revision "e0304c7ac9b67a1e9dc1e5ec8ec9ceb3ff0ff019")))
